
Microsoft Visual Studio Solution File, Format Version 12.00
# Visual Studio Version 17
VisualStudioVersion = 17.9.34701.34
MinimumVisualStudioVersion = 10.0.40219.1
Project("{FAE04EC0-301F-11D3-BF4B-00C04F79EFBC}") = "CapaPresentacion", "Consultorio\CapaPresentacion.csproj", "{AF7977D1-26AE-4DF8-8584-4BD9AA2CFF30}"
EndProject
Project("{FAE04EC0-301F-11D3-BF4B-00C04F79EFBC}") = "CapaDatos", "CapaDatos\CapaDatos.csproj", "{C4F7B3FF-63BA-4765-901D-13D040F61B51}"
EndProject
Project("{FAE04EC0-301F-11D3-BF4B-00C04F79EFBC}") = "CapaNegocio", "CapaNegocio\CapaNegocio.csproj", "{F3CD25BE-970B-4054-A106-B8E83147B171}"
EndProject
Global
	GlobalSection(SolutionConfigurationPlatforms) = preSolution
		Debug|Any CPU = Debug|Any CPU
		Release|Any CPU = Release|Any CPU
	EndGlobalSection
	GlobalSection(ProjectConfigurationPlatforms) = postSolution
		{AF7977D1-26AE-4DF8-8584-4BD9AA2CFF30}.Debug|Any CPU.ActiveCfg = Debug|Any CPU
		{AF7977D1-26AE-4DF8-8584-4BD9AA2CFF30}.Debug|Any CPU.Build.0 = Debug|Any CPU
		{AF7977D1-26AE-4DF8-8584-4BD9AA2CFF30}.Release|Any CPU.ActiveCfg = Release|Any CPU
		{AF7977D1-26AE-4DF8-8584-4BD9AA2CFF30}.Release|Any CPU.Build.0 = Release|Any CPU
		{C4F7B3FF-63BA-4765-901D-13D040F61B51}.Debug|Any CPU.ActiveCfg = Debug|Any CPU
		{C4F7B3FF-63BA-4765-901D-13D040F61B51}.Debug|Any CPU.Build.0 = Debug|Any CPU
		{C4F7B3FF-63BA-4765-901D-13D040F61B51}.Release|Any CPU.ActiveCfg = Release|Any CPU
		{C4F7B3FF-63BA-4765-901D-13D040F61B51}.Release|Any CPU.Build.0 = Release|Any CPU
		{F3CD25BE-970B-4054-A106-B8E83147B171}.Debug|Any CPU.ActiveCfg = Debug|Any CPU
		{F3CD25BE-970B-4054-A106-B8E83147B171}.Debug|Any CPU.Build.0 = Debug|Any CPU
		{F3CD25BE-970B-4054-A106-B8E83147B171}.Release|Any CPU.ActiveCfg = Release|Any CPU
		{F3CD25BE-970B-4054-A106-B8E83147B171}.Release|Any CPU.Build.0 = Release|Any CPU
	EndGlobalSection
	GlobalSection(SolutionProperties) = preSolution
		HideSolutionNode = FALSE
	EndGlobalSection
	GlobalSection(ExtensibilityGlobals) = postSolution
		SolutionGuid = {FFC92084-3617-4322-BA56-842ABC81A81E}
	EndGlobalSection
EndGlobal
